Microsoft Visual Studio Solution File, Format Version 12.00
# Visual Studio Version 17
VisualStudioVersion = 17.5.2.0
MinimumVisualStudioVersion = 10.0.40219.1
Project("{FAE04EC0-301F-11D3-BF4B-00C04F79EFBC}") = "QLSP", "QLSP.csproj", "{DE32699A-7BF5-D63B-7C7F-3C3A212DBA84}"
EndProject
Global
	GlobalSection(SolutionConfigurationPlatforms) = preSolution
		Debug|Any CPU = Debug|Any CPU
		Release|Any CPU = Release|Any CPU
	EndGlobalSection
	GlobalSection(ProjectConfigurationPlatforms) = postSolution
		{DE32699A-7BF5-D63B-7C7F-3C3A212DBA84}.Debug|Any CPU.ActiveCfg = Debug|Any CPU
		{DE32699A-7BF5-D63B-7C7F-3C3A212DBA84}.Debug|Any CPU.Build.0 = Debug|Any CPU
		{DE32699A-7BF5-D63B-7C7F-3C3A212DBA84}.Release|Any CPU.ActiveCfg = Release|Any CPU
		{DE32699A-7BF5-D63B-7C7F-3C3A212DBA84}.Release|Any CPU.Build.0 = Release|Any CPU
	EndGlobalSection
	GlobalSection(SolutionProperties) = preSolution
		HideSolutionNode = FALSE
	EndGlobalSection
	GlobalSection(ExtensibilityGlobals) = postSolution
		SolutionGuid = {0E14BE46-310D-4DBD-9BF5-9AA487EE0B5E}
	EndGlobalSection
EndGlobal
